
Microsoft Visual Studio Solution File, Format Version 12.00
# Visual Studio 15
VisualStudioVersion = 15.0.28307.1340
MinimumVisualStudioVersion = 10.0.40219.1
Project("{FAE04EC0-301F-11D3-BF4B-00C04F79EFBC}") = "Assignment_1", "MyDesktopApp\Assignment_1.csproj", "{9643FF22-CAB8-4281-BC6C-58524E3ECCD0}"
EndProject
Project("{FAE04EC0-301F-11D3-BF4B-00C04F79EFBC}") = "Assignment_2", "Assignment_2\Assignment_2.csproj", "{263B0E57-75AD-42DF-AE58-28C2679ABFC3}"
EndProject
Project("{FAE04EC0-301F-11D3-BF4B-00C04F79EFBC}") = "WSAssignment3", "WSAssignment3\WSAssignment3.csproj", "{5A8A594B-0C3F-4EE9-9504-6A5B509DA16A}"
EndProject
Project("{FAE04EC0-301F-11D3-BF4B-00C04F79EFBC}") = "WSClient1_Assignment3", "WSClient_Assignment3\WSClient1_Assignment3.csproj", "{CB8AFFA4-1AA6-4180-BE46-06416EBBC0B6}"
	ProjectSection(ProjectDependencies) = postProject
		{5A8A594B-0C3F-4EE9-9504-6A5B509DA16A} = {5A8A594B-0C3F-4EE9-9504-6A5B509DA16A}
	EndProjectSection
EndProject
Project("{FAE04EC0-301F-11D3-BF4B-00C04F79EFBC}") = "WSClient2_Assignment3", "WSClient2_Assignment3\WSClient2_Assignment3.csproj", "{470853C4-9B63-403F-A667-6944B5585148}"
	ProjectSection(ProjectDependencies) = postProject
		{5A8A594B-0C3F-4EE9-9504-6A5B509DA16A} = {5A8A594B-0C3F-4EE9-9504-6A5B509DA16A}
	EndProjectSection
EndProject
Project("{FAE04EC0-301F-11D3-BF4B-00C04F79EFBC}") = "WSAssignment4", "WSAssignment4\WSAssignment4.csproj", "{418AC8AA-5324-4D99-BF44-8B8C823BA6F5}"
EndProject
Project("{FAE04EC0-301F-11D3-BF4B-00C04F79EFBC}") = "WSClient1_Assignment4", "WSClient1_Assignment4\WSClient1_Assignment4.csproj", "{1369C563-01B3-46A2-B05B-FB3364C987F7}"
	ProjectSection(ProjectDependencies) = postProject
		{418AC8AA-5324-4D99-BF44-8B8C823BA6F5} = {418AC8AA-5324-4D99-BF44-8B8C823BA6F5}
	EndProjectSection
EndProject
Project("{FAE04EC0-301F-11D3-BF4B-00C04F79EFBC}") = "WSClient2_Assignment4", "WSClient2_Assignment4\WSClient2_Assignment4.csproj", "{43E91703-C8D4-4C1F-BD57-499F5167F881}"
	ProjectSection(ProjectDependencies) = postProject
		{418AC8AA-5324-4D99-BF44-8B8C823BA6F5} = {418AC8AA-5324-4D99-BF44-8B8C823BA6F5}
	EndProjectSection
EndProject
Project("{FAE04EC0-301F-11D3-BF4B-00C04F79EFBC}") = "WSAssignment5", "WSAssignment5\WSAssignment5.csproj", "{C10E2CA8-0F27-4ADD-B924-96295401BDF4}"
EndProject
Project("{FAE04EC0-301F-11D3-BF4B-00C04F79EFBC}") = "ERPClient1_Assignment5", "ERPClient1_Assignment5\ERPClient1_Assignment5.csproj", "{EAF7C1DF-134A-4F46-A95D-2AA5DAA0A808}"
EndProject
Project("{FAE04EC0-301F-11D3-BF4B-00C04F79EFBC}") = "ERPClient_Assignment6", "ERPClient_Assignment6\ERPClient_Assignment6.csproj", "{F2D6D520-FDDA-47B9-B6C8-3F5597107A02}"
EndProject
Project("{FAE04EC0-301F-11D3-BF4B-00C04F79EFBC}") = "WSAssignment6", "WSAssignment_6\WSAssignment6.csproj", "{F3CCEE2C-7228-4902-8531-A51ABCF4E0D7}"
EndProject
Global
	GlobalSection(SolutionConfigurationPlatforms) = preSolution
		Debug|Any CPU = Debug|Any CPU
		Release|Any CPU = Release|Any CPU
	EndGlobalSection
	GlobalSection(ProjectConfigurationPlatforms) = postSolution
		{9643FF22-CAB8-4281-BC6C-58524E3ECCD0}.Debug|Any CPU.ActiveCfg = Debug|Any CPU
		{9643FF22-CAB8-4281-BC6C-58524E3ECCD0}.Debug|Any CPU.Build.0 = Debug|Any CPU
		{9643FF22-CAB8-4281-BC6C-58524E3ECCD0}.Release|Any CPU.ActiveCfg = Release|Any CPU
		{9643FF22-CAB8-4281-BC6C-58524E3ECCD0}.Release|Any CPU.Build.0 = Release|Any CPU
		{263B0E57-75AD-42DF-AE58-28C2679ABFC3}.Debug|Any CPU.ActiveCfg = Debug|Any CPU
		{263B0E57-75AD-42DF-AE58-28C2679ABFC3}.Debug|Any CPU.Build.0 = Debug|Any CPU
		{263B0E57-75AD-42DF-AE58-28C2679ABFC3}.Release|Any CPU.ActiveCfg = Release|Any CPU
		{263B0E57-75AD-42DF-AE58-28C2679ABFC3}.Release|Any CPU.Build.0 = Release|Any CPU
		{5A8A594B-0C3F-4EE9-9504-6A5B509DA16A}.Debug|Any CPU.ActiveCfg = Debug|Any CPU
		{5A8A594B-0C3F-4EE9-9504-6A5B509DA16A}.Debug|Any CPU.Build.0 = Debug|Any CPU
		{5A8A594B-0C3F-4EE9-9504-6A5B509DA16A}.Release|Any CPU.ActiveCfg = Release|Any CPU
		{5A8A594B-0C3F-4EE9-9504-6A5B509DA16A}.Release|Any CPU.Build.0 = Release|Any CPU
		{CB8AFFA4-1AA6-4180-BE46-06416EBBC0B6}.Debug|Any CPU.ActiveCfg = Debug|Any CPU
		{CB8AFFA4-1AA6-4180-BE46-06416EBBC0B6}.Debug|Any CPU.Build.0 = Debug|Any CPU
		{CB8AFFA4-1AA6-4180-BE46-06416EBBC0B6}.Release|Any CPU.ActiveCfg = Release|Any CPU
		{CB8AFFA4-1AA6-4180-BE46-06416EBBC0B6}.Release|Any CPU.Build.0 = Release|Any CPU
		{470853C4-9B63-403F-A667-6944B5585148}.Debug|Any CPU.ActiveCfg = Debug|Any CPU
		{470853C4-9B63-403F-A667-6944B5585148}.Debug|Any CPU.Build.0 = Debug|Any CPU
		{470853C4-9B63-403F-A667-6944B5585148}.Release|Any CPU.ActiveCfg = Release|Any CPU
		{470853C4-9B63-403F-A667-6944B5585148}.Release|Any CPU.Build.0 = Release|Any CPU
		{418AC8AA-5324-4D99-BF44-8B8C823BA6F5}.Debug|Any CPU.ActiveCfg = Debug|Any CPU
		{418AC8AA-5324-4D99-BF44-8B8C823BA6F5}.Debug|Any CPU.Build.0 = Debug|Any CPU
		{418AC8AA-5324-4D99-BF44-8B8C823BA6F5}.Release|Any CPU.ActiveCfg = Release|Any CPU
		{418AC8AA-5324-4D99-BF44-8B8C823BA6F5}.Release|Any CPU.Build.0 = Release|Any CPU
		{1369C563-01B3-46A2-B05B-FB3364C987F7}.Debug|Any CPU.ActiveCfg = Debug|Any CPU
		{1369C563-01B3-46A2-B05B-FB3364C987F7}.Debug|Any CPU.Build.0 = Debug|Any CPU
		{1369C563-01B3-46A2-B05B-FB3364C987F7}.Release|Any CPU.ActiveCfg = Release|Any CPU
		{1369C563-01B3-46A2-B05B-FB3364C987F7}.Release|Any CPU.Build.0 = Release|Any CPU
		{43E91703-C8D4-4C1F-BD57-499F5167F881}.Debug|Any CPU.ActiveCfg = Debug|Any CPU
		{43E91703-C8D4-4C1F-BD57-499F5167F881}.Debug|Any CPU.Build.0 = Debug|Any CPU
		{43E91703-C8D4-4C1F-BD57-499F5167F881}.Release|Any CPU.ActiveCfg = Release|Any CPU
		{43E91703-C8D4-4C1F-BD57-499F5167F881}.Release|Any CPU.Build.0 = Release|Any CPU
		{C10E2CA8-0F27-4ADD-B924-96295401BDF4}.Debug|Any CPU.ActiveCfg = Debug|Any CPU
		{C10E2CA8-0F27-4ADD-B924-96295401BDF4}.Debug|Any CPU.Build.0 = Debug|Any CPU
		{C10E2CA8-0F27-4ADD-B924-96295401BDF4}.Release|Any CPU.ActiveCfg = Release|Any CPU
		{C10E2CA8-0F27-4ADD-B924-96295401BDF4}.Release|Any CPU.Build.0 = Release|Any CPU
		{EAF7C1DF-134A-4F46-A95D-2AA5DAA0A808}.Debug|Any CPU.ActiveCfg = Debug|Any CPU
		{EAF7C1DF-134A-4F46-A95D-2AA5DAA0A808}.Debug|Any CPU.Build.0 = Debug|Any CPU
		{EAF7C1DF-134A-4F46-A95D-2AA5DAA0A808}.Release|Any CPU.ActiveCfg = Release|Any CPU
		{EAF7C1DF-134A-4F46-A95D-2AA5DAA0A808}.Release|Any CPU.Build.0 = Release|Any CPU
		{F2D6D520-FDDA-47B9-B6C8-3F5597107A02}.Debug|Any CPU.ActiveCfg = Debug|Any CPU
		{F2D6D520-FDDA-47B9-B6C8-3F5597107A02}.Debug|Any CPU.Build.0 = Debug|Any CPU
		{F2D6D520-FDDA-47B9-B6C8-3F5597107A02}.Release|Any CPU.ActiveCfg = Release|Any CPU
		{F2D6D520-FDDA-47B9-B6C8-3F5597107A02}.Release|Any CPU.Build.0 = Release|Any CPU
		{F3CCEE2C-7228-4902-8531-A51ABCF4E0D7}.Debug|Any CPU.ActiveCfg = Debug|Any CPU
		{F3CCEE2C-7228-4902-8531-A51ABCF4E0D7}.Debug|Any CPU.Build.0 = Debug|Any CPU
		{F3CCEE2C-7228-4902-8531-A51ABCF4E0D7}.Release|Any CPU.ActiveCfg = Release|Any CPU
		{F3CCEE2C-7228-4902-8531-A51ABCF4E0D7}.Release|Any CPU.Build.0 = Release|Any CPU
	EndGlobalSection
	GlobalSection(SolutionProperties) = preSolution
		HideSolutionNode = FALSE
	EndGlobalSection
	GlobalSection(ExtensibilityGlobals) = postSolution
		SolutionGuid = {BA4F5770-DB31-4150-BD9C-ADD1CC6CD0ED}
	EndGlobalSection
EndGlobal
